
Microsoft Visual Studio Solution File, Format Version 12.00
# Visual Studio 15
VisualStudioVersion = 15.0.28307.421
MinimumVisualStudioVersion = 10.0.40219.1
Project("{FAE04EC0-301F-11D3-BF4B-00C04F79EFBC}") = "ProcessMonitor", "ProcessMonitor\ProcessMonitor.csproj", "{01FB99E8-ED38-4817-90EF-2A2D8032B107}"
EndProject
Global
	GlobalSection(SolutionConfigurationPlatforms) = preSolution
		Debug|Any CPU = Debug|Any CPU
		Release|Any CPU = Release|Any CPU
	EndGlobalSection
	GlobalSection(ProjectConfigurationPlatforms) = postSolution
		{01FB99E8-ED38-4817-90EF-2A2D8032B107}.Debug|Any CPU.ActiveCfg = Debug|Any CPU
		{01FB99E8-ED38-4817-90EF-2A2D8032B107}.Debug|Any CPU.Build.0 = Debug|Any CPU
		{01FB99E8-ED38-4817-90EF-2A2D8032B107}.Release|Any CPU.ActiveCfg = Release|Any CPU
		{01FB99E8-ED38-4817-90EF-2A2D8032B107}.Release|Any CPU.Build.0 = Release|Any CPU
	EndGlobalSection
	GlobalSection(SolutionProperties) = preSolution
		HideSolutionNode = FALSE
	EndGlobalSection
	GlobalSection(ExtensibilityGlobals) = postSolution
		SolutionGuid = {3E0B7007-9A14-416F-8B1C-AD5A9F88731B}
	EndGlobalSection
EndGlobal
